
Microsoft Visual Studio Solution File, Format Version 12.00
# Visual Studio Version 17
VisualStudioVersion = 17.14.36518.9 d17.14
MinimumVisualStudioVersion = 10.0.40219.1
Project("{FAE04EC0-301F-11D3-BF4B-00C04F79EFBC}") = "CS471Wordle1", "CS471Wordle1\CS471Wordle1.csproj", "{8C175175-E5B9-44B3-8760-407AFB96E162}"
EndProject
Global
	GlobalSection(SolutionConfigurationPlatforms) = preSolution
		Debug|Any CPU = Debug|Any CPU
		Release|Any CPU = Release|Any CPU
	EndGlobalSection
	GlobalSection(ProjectConfigurationPlatforms) = postSolution
		{8C175175-E5B9-44B3-8760-407AFB96E162}.Debug|Any CPU.ActiveCfg = Debug|Any CPU
		{8C175175-E5B9-44B3-8760-407AFB96E162}.Debug|Any CPU.Build.0 = Debug|Any CPU
		{8C175175-E5B9-44B3-8760-407AFB96E162}.Release|Any CPU.ActiveCfg = Release|Any CPU
		{8C175175-E5B9-44B3-8760-407AFB96E162}.Release|Any CPU.Build.0 = Release|Any CPU
	EndGlobalSection
	GlobalSection(SolutionProperties) = preSolution
		HideSolutionNode = FALSE
	EndGlobalSection
	GlobalSection(ExtensibilityGlobals) = postSolution
		SolutionGuid = {3AAAC08B-4FE9-405A-9CBF-7F54BA44ED2E}
	EndGlobalSection
EndGlobal
